# THIS IS AN AUTOGENERATED FILE. DO NOT EDIT THIS FILE DIRECTLY.
# yarn lockfile v1


"@arr/every@^1.0.0":
  version "1.0.0"
  resolved "https://registry.yarnpkg.com/@arr/every/-/every-1.0.0.tgz#314f8168f50ae48a032cfdad5fdb436f464a97ac"

"@arr/filter@^1.0.0":
  version "1.0.0"
  resolved "https://registry.yarnpkg.com/@arr/filter/-/filter-1.0.0.tgz#3d70902de9b5424bb5d5ceec00fd05f3d635e50f"

"@polka/url@^0.5.0":
  version "0.5.0"
  resolved "https://registry.yarnpkg.com/@polka/url/-/url-0.5.0.tgz#b21510597fd601e5d7c95008b76bf0d254ebfd31"
  integrity sha512-oZLYFEAzUKyi3SKnXvj32ZCEGH6RDnao7COuCVhDydMS9NrCSVXhM79VaKyP5+Zc33m0QXEd2DN3UkU7OsHcfw==

ajv@~6.10.1:
  version "6.10.1"
  resolved "https://registry.yarnpkg.com/ajv/-/ajv-6.10.1.tgz#ebf8d3af22552df9dd049bfbe50cc2390e823593"
  integrity sha512-w1YQaVGNC6t2UCPjEawK/vo/dG8OOrVtUmhBT1uJJYxbl5kU2Tj3v6LGqBcsysN1yhuCStJCCA3GqdvKY8sqXQ==
  dependencies:
    fast-deep-equal "^2.0.1"
    fast-json-stable-stringify "^2.0.0"
    json-schema-traverse "^0.4.1"
    uri-js "^4.2.2"

async-limiter@^1.0.0:
  version "1.0.0"
  resolved "https://registry.yarnpkg.com/async-limiter/-/async-limiter-1.0.0.tgz#78faed8c3d074ab81f22b4e985d79e8738f720f8"
  integrity sha512-jp/uFnooOiO+L211eZOoSyzpOITMXx1rBITauYykG3BRYPu8h0UcxsPNB04RR5vo4Tyz3+ay17tR6JVf9qzYWg==

fast-deep-equal@^2.0.1:
  version "2.0.1"
  resolved "https://registry.yarnpkg.com/fast-deep-equal/-/fast-deep-equal-2.0.1.tgz#7b05218ddf9667bf7f370bf7fdb2cb15fdd0aa49"

fast-json-stable-stringify@^2.0.0:
  version "2.0.0"
  resolved "https://registry.yarnpkg.com/fast-json-stable-stringify/-/fast-json-stable-stringify-2.0.0.tgz#d5142c0caee6b1189f87d3a76111064f86c8bbf2"

json-schema-traverse@^0.4.1:
  version "0.4.1"
  resolved "https://registry.yarnpkg.com/json-schema-traverse/-/json-schema-traverse-0.4.1.tgz#69f6a87d9513ab8bb8fe63bdb0979c448e684660"

matchit@^1.0.0:
  version "1.0.5"
  resolved "https://registry.yarnpkg.com/matchit/-/matchit-1.0.5.tgz#b24ee14d9957855398e6e9ccf42e9408c00b4274"
  dependencies:
    "@arr/every" "^1.0.0"
    "@arr/filter" "^1.0.0"

polka@~0.5.2:
  version "0.5.2"
  resolved "https://registry.yarnpkg.com/polka/-/polka-0.5.2.tgz#588bee0c5806dbc6c64958de3a1251860e9f2e26"
  integrity sha512-FVg3vDmCqP80tOrs+OeNlgXYmFppTXdjD5E7I4ET1NjvtNmQrb1/mJibybKkb/d4NA7YWAr1ojxuhpL3FHqdlw==
  dependencies:
    "@polka/url" "^0.5.0"
    trouter "^2.0.1"

punycode@^2.1.0:
  version "2.1.0"
  resolved "https://registry.yarnpkg.com/punycode/-/punycode-2.1.0.tgz#5f863edc89b96db09074bad7947bf09056ca4e7d"

trouter@^2.0.1:
  version "2.0.1"
  resolved "https://registry.yarnpkg.com/trouter/-/trouter-2.0.1.tgz#2726a5f8558e090d24c3a393f09eaab1df232df6"
  integrity sha512-kr8SKKw94OI+xTGOkfsvwZQ8mWoikZDd2n8XZHjJVZUARZT+4/VV6cacRS6CLsH9bNm+HFIPU1Zx4CnNnb4qlQ==
  dependencies:
    matchit "^1.0.0"

uri-js@^4.2.2:
  version "4.2.2"
  resolved "https://registry.yarnpkg.com/uri-js/-/uri-js-4.2.2.tgz#94c540e1ff772956e2299507c010aea6c8838eb0"
  integrity sha512-KY9Frmirql91X2Qgjry0Wd4Y+YTdrdZheS8TFwvkbLWf/G5KNJDCh6pKL5OZctEW4+0Baa5idK2ZQuELRwPznQ==
  dependencies:
    punycode "^2.1.0"

ws@~7.1.0:
  version "7.1.0"
  resolved "https://registry.yarnpkg.com/ws/-/ws-7.1.0.tgz#0395646c6fcc3ac56abf61ce1a42039637a6bd98"
  integrity sha512-Swie2C4fs7CkwlHu1glMePLYJJsWjzhl1vm3ZaLplD0h7OMkZyZ6kLTB/OagiU923bZrPFXuDTeEqaEN4NWG4g==
  dependencies:
    async-limiter "^1.0.0"
